
Microsoft Visual Studio Solution File, Format Version 12.00
# Visual Studio Version 16
VisualStudioVersion = 16.0.30204.135
MinimumVisualStudioVersion = 10.0.40219.1
Project("{9A19103F-16F7-4668-BE54-9A1E7A4F7556}") = "E-Loan", "E-Loan.csproj", "{2101912F-6209-4A50-A49B-8253BB6531A8}"
EndProject
Project("{9A19103F-16F7-4668-BE54-9A1E7A4F7556}") = "E-Loan.Entities", "..\E-Loan.Entities\E-Loan.Entities.csproj", "{75F16D1A-A965-41EE-9D81-A39C73BC9B9E}"
EndProject
Project("{9A19103F-16F7-4668-BE54-9A1E7A4F7556}") = "E-Loan.DataLayer", "..\E-Loan.DataLayer\E-Loan.DataLayer.csproj", "{F85AC9DA-1259-4ABF-8D6E-A9EE4C89C26E}"
EndProject
Project("{9A19103F-16F7-4668-BE54-9A1E7A4F7556}") = "E-Loan.BusinessLayer", "..\E-Loan.BusinessLayer\E-Loan.BusinessLayer.csproj", "{0CBD5A3A-50F1-4D24-822B-7814ECAC59A7}"
EndProject
Project("{9A19103F-16F7-4668-BE54-9A1E7A4F7556}") = "E-Loan.Tests", "..\E-Loan.Tests\E-Loan.Tests.csproj", "{00110B72-77ED-4ECC-BBFA-DC9E3328887B}"
EndProject
Global
	GlobalSection(SolutionConfigurationPlatforms) = preSolution
		Debug|Any CPU = Debug|Any CPU
		Release|Any CPU = Release|Any CPU
	EndGlobalSection
	GlobalSection(ProjectConfigurationPlatforms) = postSolution
		{2101912F-6209-4A50-A49B-8253BB6531A8}.Debug|Any CPU.ActiveCfg = Debug|Any CPU
		{2101912F-6209-4A50-A49B-8253BB6531A8}.Debug|Any CPU.Build.0 = Debug|Any CPU
		{2101912F-6209-4A50-A49B-8253BB6531A8}.Release|Any CPU.ActiveCfg = Release|Any CPU
		{2101912F-6209-4A50-A49B-8253BB6531A8}.Release|Any CPU.Build.0 = Release|Any CPU
		{75F16D1A-A965-41EE-9D81-A39C73BC9B9E}.Debug|Any CPU.ActiveCfg = Debug|Any CPU
		{75F16D1A-A965-41EE-9D81-A39C73BC9B9E}.Debug|Any CPU.Build.0 = Debug|Any CPU
		{75F16D1A-A965-41EE-9D81-A39C73BC9B9E}.Release|Any CPU.ActiveCfg = Release|Any CPU
		{75F16D1A-A965-41EE-9D81-A39C73BC9B9E}.Release|Any CPU.Build.0 = Release|Any CPU
		{F85AC9DA-1259-4ABF-8D6E-A9EE4C89C26E}.Debug|Any CPU.ActiveCfg = Debug|Any CPU
		{F85AC9DA-1259-4ABF-8D6E-A9EE4C89C26E}.Debug|Any CPU.Build.0 = Debug|Any CPU
		{F85AC9DA-1259-4ABF-8D6E-A9EE4C89C26E}.Release|Any CPU.ActiveCfg = Release|Any CPU
		{F85AC9DA-1259-4ABF-8D6E-A9EE4C89C26E}.Release|Any CPU.Build.0 = Release|Any CPU
		{0CBD5A3A-50F1-4D24-822B-7814ECAC59A7}.Debug|Any CPU.ActiveCfg = Debug|Any CPU
		{0CBD5A3A-50F1-4D24-822B-7814ECAC59A7}.Debug|Any CPU.Build.0 = Debug|Any CPU
		{0CBD5A3A-50F1-4D24-822B-7814ECAC59A7}.Release|Any CPU.ActiveCfg = Release|Any CPU
		{0CBD5A3A-50F1-4D24-822B-7814ECAC59A7}.Release|Any CPU.Build.0 = Release|Any CPU
		{00110B72-77ED-4ECC-BBFA-DC9E3328887B}.Debug|Any CPU.ActiveCfg = Debug|Any CPU
		{00110B72-77ED-4ECC-BBFA-DC9E3328887B}.Debug|Any CPU.Build.0 = Debug|Any CPU
		{00110B72-77ED-4ECC-BBFA-DC9E3328887B}.Release|Any CPU.ActiveCfg = Release|Any CPU
		{00110B72-77ED-4ECC-BBFA-DC9E3328887B}.Release|Any CPU.Build.0 = Release|Any CPU
	EndGlobalSection
	GlobalSection(SolutionProperties) = preSolution
		HideSolutionNode = FALSE
	EndGlobalSection
	GlobalSection(ExtensibilityGlobals) = postSolution
		SolutionGuid = {5840D16E-AA0B-46A1-94B2-45628CE3212F}
	EndGlobalSection
EndGlobal
